{
  "version": 4,
  "terraform_version": "1.14.4",
  "serial": 67,
  "lineage": "51746ad7-f6bf-ed94-3b43-39687d4d6a14",
  "outputs": {
    "alb_dns": {
      "value": "terraform-alb-2134614200.ap-south-1.elb.amazonaws.com",
      "type": "string"
    }
  },
  "resources": [
    {
      "mode": "data",
      "type": "aws_ami",
      "name": "amazon_linux",
      "provider": "provider[\"registry.terraform.io/hashicorp/aws\"]",
      "instances": [
        {
          "schema_version": 0,
          "attributes": {
            "allow_unsafe_filter": null,
            "architecture": "x86_64",
            "arn": "arn:aws:ec2:ap-south-1::image/ami-0cbe34ca4e7fb6684",
            "block_device_mappings": [
              {
                "device_name": "/dev/xvda",
                "ebs": {
                  "delete_on_termination": "true",
                  "encrypted": "false",
                  "iops": "3000",
                  "snapshot_id": "snap-08e7be0a0f7242369",
                  "throughput": "125",
                  "volume_initialization_rate": "0",
                  "volume_size": "30",
                  "volume_type": "gp3"
                },
                "no_device": "",
                "virtual_name": ""
              }
            ],
            "boot_mode": "uefi-preferred",
            "creation_date": "2026-05-19T17:45:03.000Z",
            "deprecation_time": "2028-05-19T17:45:03.000Z",
            "description": "Amazon Linux AMI 2023.0.20260518 x86_64 ECS HVM EBS",
            "ena_support": true,
            "executable_users": null,
            "filter": [
              {
                "name": "name",
                "values": [
                  "al2023-ami-*-x86_64"
                ]
              }
            ],
            "hypervisor": "xen",
            "id": "ami-0cbe34ca4e7fb6684",
            "image_id": "ami-0cbe34ca4e7fb6684",
            "image_location": "amazon/al2023-ami-ecs-hvm-2023.0.20260518-kernel-6.1-x86_64",
            "image_owner_alias": "amazon",
            "image_type": "machine",
            "imds_support": "v2.0",
            "include_deprecated": false,
            "kernel_id": "",
            "last_launched_time": "",
            "most_recent": true,
            "name": "al2023-ami-ecs-hvm-2023.0.20260518-kernel-6.1-x86_64",
            "name_regex": null,
            "owner_id": "591542846629",
            "owners": [
              "amazon"
            ],
            "platform": "",
            "platform_details": "Linux/UNIX",
            "product_codes": [],
            "public": true,
            "ramdisk_id": "",
            "region": "ap-south-1",
            "root_device_name": "/dev/xvda",
            "root_device_type": "ebs",
            "root_snapshot_id": "snap-08e7be0a0f7242369",
            "sriov_net_support": "simple",
            "state": "available",
            "state_reason": {
              "code": "UNSET",
              "message": "UNSET"
            },
            "tags": {},
            "timeouts": null,
            "tpm_support": "",
            "uefi_data": null,
            "usage_operation": "RunInstances",
            "virtualization_type": "hvm"
          },
          "sensitive_attributes": [],
          "identity_schema_version": 0
        }
      ]
    },
    {
      "mode": "managed",
      "type": "aws_autoscaling_group",
      "name": "app_asg",
      "provider": "provider[\"registry.terraform.io/hashicorp/aws\"]",
      "instances": [
        {
          "schema_version": 1,
          "attributes": {
            "arn": "arn:aws:autoscaling:ap-south-1:531752696321:autoScalingGroup:c1551483-ec85-49be-9af9-ee0e29aa55cf:autoScalingGroupName/terraform-20260525082558034400000002",
            "availability_zone_distribution": [
              {
                "capacity_distribution_strategy": "balanced-best-effort"
              }
            ],
            "availability_zones": [
              "ap-south-1a",
              "ap-south-1b"
            ],
            "capacity_rebalance": false,
            "capacity_reservation_specification": [
              {
                "capacity_reservation_preference": "default",
                "capacity_reservation_target": []
              }
            ],
            "context": "",
            "default_cooldown": 300,
            "default_instance_warmup": 0,
            "desired_capacity": 2,
            "desired_capacity_type": "",
            "enabled_metrics": [],
            "force_delete": false,
            "force_delete_warm_pool": false,
            "health_check_grace_period": 300,
            "health_check_type": "EC2",
            "id": "terraform-20260525082558034400000002",
            "ignore_failed_scaling_activities": false,
            "initial_lifecycle_hook": [],
            "instance_maintenance_policy": [],
            "instance_refresh": [],
            "launch_configuration": "",
            "launch_template": [
              {
                "id": "lt-0232307d12f2a3836",
                "name": "asg-template-20260525081915737200000002",
                "version": "$Latest"
              }
            ],
            "load_balancers": [],
            "max_instance_lifetime": 0,
            "max_size": 3,
            "metrics_granularity": "1Minute",
            "min_elb_capacity": null,
            "min_size": 2,
            "mixed_instances_policy": [],
            "name": "terraform-20260525082558034400000002",
            "name_prefix": "terraform-",
            "placement_group": "",
            "predicted_capacity": 0,
            "protect_from_scale_in": false,
            "region": "ap-south-1",
            "service_linked_role_arn": "arn:aws:iam::531752696321:role/aws-service-role/autoscaling.amazonaws.com/AWSServiceRoleForAutoScaling",
            "suspended_processes": [],
            "tag": [],
            "target_group_arns": [
              "arn:aws:elasticloadbalancing:ap-south-1:531752696321:targetgroup/app-target-group/e405583ba3e75e9b"
            ],
            "termination_policies": [],
            "timeouts": null,
            "traffic_source": [
              {
                "identifier": "arn:aws:elasticloadbalancing:ap-south-1:531752696321:targetgroup/app-target-group/e405583ba3e75e9b",
                "type": "elbv2"
              }
            ],
            "vpc_zone_identifier": [
              "subnet-06382add9526a878b",
              "subnet-07081f809cb50ca82"
            ],
            "wait_for_capacity_timeout": "10m",
            "wait_for_elb_capacity": null,
            "warm_pool": [],
            "warm_pool_size": 0
          },
          "sensitive_attributes": [],
          "identity_schema_version": 0,
          "identity": {
            "account_id": "531752696321",
            "name": "terraform-20260525082558034400000002",
            "region": "ap-south-1"
          },
          "private": "eyJlMmJmYjczMC1lY2FhLTExZTYtOGY4OC0zNDM2M2JjN2M0YzAiOnsiZGVsZXRlIjo2MDAwMDAwMDAwMDAsInVwZGF0ZSI6NjAwMDAwMDAwMDAwfSwic2NoZW1hX3ZlcnNpb24iOiIxIn0=",
          "dependencies": [
            "aws_launch_template.app",
            "aws_lb_target_group.app_tg",
            "aws_security_group.alb_sg",
            "aws_security_group.ec2_sg",
            "aws_subnet.public_1",
            "aws_subnet.public_2",
            "aws_vpc.main",
            "data.aws_ami.amazon_linux"
          ]
        }
      ]
    },
    {
      "mode": "managed",
      "type": "aws_internet_gateway",
      "name": "igw",
      "provider": "provider[\"registry.terraform.io/hashicorp/aws\"]",
      "instances": [
        {
          "schema_version": 0,
          "attributes": {
            "arn": "arn:aws:ec2:ap-south-1:531752696321:internet-gateway/igw-0e904d38acee00751",
            "id": "igw-0e904d38acee00751",
            "owner_id": "531752696321",
            "region": "ap-south-1",
            "tags": {},
            "tags_all": {},
            "timeouts": null,
            "vpc_id": "vpc-0cc04c833133ae547"
          },
          "sensitive_attributes": [],
          "identity_schema_version": 0,
          "identity": {
            "account_id": "531752696321",
            "id": "igw-0e904d38acee00751",
            "region": "ap-south-1"
          },
          "private": "eyJlMmJmYjczMC1lY2FhLTExZTYtOGY4OC0zNDM2M2JjN2M0YzAiOnsiY3JlYXRlIjoxMjAwMDAwMDAwMDAwLCJkZWxldGUiOjEyMDAwMDAwMDAwMDAsInVwZGF0ZSI6MTIwMDAwMDAwMDAwMH19",
          "dependencies": [
            "aws_vpc.main"
          ]
        }
      ]
    },
    {
      "mode": "managed",
      "type": "aws_launch_template",
      "name": "app",
      "provider": "provider[\"registry.terraform.io/hashicorp/aws\"]",
      "instances": [
        {
          "schema_version": 1,
          "attributes": {
            "arn": "arn:aws:ec2:ap-south-1:531752696321:launch-template/lt-0232307d12f2a3836",
            "block_device_mappings": [],
            "capacity_reservation_specification": [],
            "cpu_options": [],
            "credit_specification": [],
            "default_version": 1,
            "description": "",
            "disable_api_stop": false,
            "disable_api_termination": false,
            "ebs_optimized": "",
            "enclave_options": [],
            "hibernation_options": [],
            "iam_instance_profile": [],
            "id": "lt-0232307d12f2a3836",
            "image_id": "ami-0cbe34ca4e7fb6684",
            "instance_initiated_shutdown_behavior": "",
            "instance_market_options": [],
            "instance_requirements": [],
            "instance_type": "t3.micro",
            "kernel_id": "",
            "key_name": "",
            "latest_version": 3,
            "license_specification": [],
            "maintenance_options": [],
            "metadata_options": [],
            "monitoring": [],
            "name": "asg-template-20260525081915737200000002",
            "name_prefix": "asg-template-",
            "network_interfaces": [],
            "network_performance_options": [],
            "placement": [],
            "private_dns_name_options": [],
            "ram_disk_id": "",
            "region": "ap-south-1",
            "secondary_interfaces": [],
            "security_group_names": [],
            "tag_specifications": [
              {
                "resource_type": "instance",
                "tags": {
                  "Name": "asg-instance"
                }
              }
            ],
            "tags": {},
            "tags_all": {},
            "update_default_version": null,
            "user_data": "IyEvYmluL2Jhc2gKCiMgVXBkYXRlIHN5c3RlbSBhbmQgaW5zdGFsbCByZXF1aXJlZCBwYWNrYWdlcwpzdWRvIHl1bSB1cGRhdGUgLXkKc3VkbyB5dW0gaW5zdGFsbCAteSBodHRwZCBnaXQKCiMgU3RhcnQgYW5kIGVuYWJsZSBBcGFjaGUgc2VydmljZQpzdWRvIHN5c3RlbWN0bCBzdGFydCBodHRwZApzdWRvIHN5c3RlbWN0bCBlbmFibGUgaHR0cGQKCiMgRmV0Y2ggaW5zdGFuY2UgbWV0YWRhdGEKZXhwb3J0IFRPS0VOPSQoY3VybCAtWCBQVVQgImh0dHA6Ly8xNjkuMjU0LjE2OS4yNTQvbGF0ZXN0L2FwaS90b2tlbiIgLUggIlgtYXdzLWVjMi1tZXRhZGF0YS10b2tlbi10dGwtc2Vjb25kczogMjE2MDAiKQpleHBvcnQgTUVUQV9JTlNUX0lEPSQoY3VybCBodHRwOi8vMTY5LjI1NC4xNjkuMjU0L2xhdGVzdC9tZXRhLWRhdGEvaW5zdGFuY2UtaWQgLUggIlgtYXdzLWVjMi1tZXRhZGF0YS10b2tlbjogJFRPS0VOIikKZXhwb3J0IE1FVEFfSU5TVF9UWVBFPSQoY3VybCBodHRwOi8vMTY5LjI1NC4xNjkuMjU0L2xhdGVzdC9tZXRhLWRhdGEvaW5zdGFuY2UtdHlwZSAtSCAiWC1hd3MtZWMyLW1ldGFkYXRhLXRva2VuOiAkVE9LRU4iKQpleHBvcnQgTUVUQV9JTlNUX0FaPSQoY3VybCBodHRwOi8vMTY5LjI1NC4xNjkuMjU0L2xhdGVzdC9tZXRhLWRhdGEvcGxhY2VtZW50L2F2YWlsYWJpbGl0eS16b25lIC1IICJYLWF3cy1lYzItbWV0YWRhdGEtdG9rZW46ICRUT0tFTiIpCgojIE5hdmlnYXRlIHRvIHRoZSB3ZWIgc2VydmVyIGRpcmVjdG9yeQpjZCAvdmFyL3d3dy9odG1sCgojIENyZWF0ZSBhIG1vZGVybiBIVE1MIHBhZ2Ugd2l0aCBDUFUgbG9hZCBzaW11bGF0aW9uCmVjaG8gIjwhRE9DVFlQRSBodG1sPiIgPiBpbmRleC5odG1sCmVjaG8gIjxodG1sIGxhbmc9XCJlblwiPiIgPj4gaW5kZXguaHRtbAplY2hvICI8aGVhZD4iID4+IGluZGV4Lmh0bWwKZWNobyAiICAgIDxtZXRhIGNoYXJzZXQ9XCJVVEYtOFwiPiIgPj4gaW5kZXguaHRtbAplY2hvICIgICAgPG1ldGEgbmFtZT1cInZpZXdwb3J0XCIgY29udGVudD1cIndpZHRoPWRldmljZS13aWR0aCwgaW5pdGlhbC1zY2FsZT0xLjBcIj4iID4+IGluZGV4Lmh0bWwKZWNobyAiICAgIDx0aXRsZT5DUFUgTG9hZCBNb25pdG9yPC90aXRsZT4iID4+IGluZGV4Lmh0bWwKZWNobyAiICAgIDxzdHlsZT4iID4+IGluZGV4Lmh0bWwKZWNobyAiICAgICAgICBib2R5IHsiID4+IGluZGV4Lmh0bWwKZWNobyAiICAgICAgICAgICAgZm9udC1mYW1pbHk6IEFyaWFsLCBzYW5zLXNlcmlmOyIgPj4gaW5kZXguaHRtbAplY2hvICIgICAgICAgICAgICBiYWNrZ3JvdW5kLWNvbG9yOiAjZjRmNGY5OyIgPj4gaW5kZXguaHRtbAplY2hvICIgICAgICAgICAgICBtYXJnaW46IDA7IiA+PiBpbmRleC5odG1sCmVjaG8gIiAgICAgICAgICAgIHBhZGRpbmc6IDA7IiA+PiBpbmRleC5odG1sCmVjaG8gIiAgICAgICAgICAgIGRpc3BsYXk6IGZsZXg7IiA+PiBpbmRleC5odG1sCmVjaG8gIiAgICAgICAgICAgIGp1c3RpZnktY29udGVudDogY2VudGVyOyIgPj4gaW5kZXguaHRtbAplY2hvICIgICAgICAgICAgICBhbGlnbi1pdGVtczogY2VudGVyOyIgPj4gaW5kZXguaHRtbAplY2hvICIgICAgICAgICAgICBoZWlnaHQ6IDEwMHZoOyIgPj4gaW5kZXguaHRtbAplY2hvICIgICAgICAgICAgICBjb2xvcjogIzMzMzsiID4+IGluZGV4Lmh0bWwKZWNobyAiICAgICAgICB9IiA+PiBpbmRleC5odG1sCmVjaG8gIiAgICAgICAgLmNvbnRhaW5lciB7IiA+PiBpbmRleC5odG1sCmVjaG8gIiAgICAgICAgICAgIHRleHQtYWxpZ246IGNlbnRlcjsiID4+IGluZGV4Lmh0bWwKZWNobyAiICAgICAgICAgICAgcGFkZGluZzogMjBweDsiID4+IGluZGV4Lmh0bWwKZWNobyAiICAgICAgICAgICAgYmFja2dyb3VuZDogd2hpdGU7IiA+PiBpbmRleC5odG1sCmVjaG8gIiAgICAgICAgICAgIGJvcmRlci1yYWRpdXM6IDhweDsiID4+IGluZGV4Lmh0bWwKZWNobyAiICAgICAgICAgICAgYm94LXNoYWRvdzogMCA0cHggNnB4IHJnYmEoMCwgMCwgMCwgMC4xKTsiID4+IGluZGV4Lmh0bWwKZWNobyAiICAgICAgICAgICAgd2lkdGg6IDkwJTsiID4+IGluZGV4Lmh0bWwKZWNobyAiICAgICAgICAgICAgbWF4LXdpZHRoOiA2MDBweDsiID4+IGluZGV4Lmh0bWwKZWNobyAiICAgICAgICB9IiA+PiBpbmRleC5odG1sCmVjaG8gIiAgICAgICAgaDEgeyIgPj4gaW5kZXguaHRtbAplY2hvICIgICAgICAgICAgICBmb250LXNpemU6IDJyZW07IiA+PiBpbmRleC5odG1sCmVjaG8gIiAgICAgICAgICAgIG1hcmdpbi1ib3R0b206IDEwcHg7IiA+PiBpbmRleC5odG1sCmVjaG8gIiAgICAgICAgfSIgPj4gaW5kZXguaHRtbAplY2hvICIgICAgICAgIHAgeyIgPj4gaW5kZXguaHRtbAplY2hvICIgICAgICAgICAgICBtYXJnaW46IDVweCAwOyIgPj4gaW5kZXguaHRtbAplY2hvICIgICAgICAgIH0iID4+IGluZGV4Lmh0bWwKZWNobyAiICAgICAgICAuY2hhcnQgeyIgPj4gaW5kZXguaHRtbAplY2hvICIgICAgICAgICAgICBtYXJnaW4tdG9wOiAyMHB4OyIgPj4gaW5kZXguaHRtbAplY2hvICIgICAgICAgIH0iID4+IGluZGV4Lmh0bWwKZWNobyAiICAgICAgICAubG9hZC1iYXIgeyIgPj4gaW5kZXguaHRtbAplY2hvICIgICAgICAgICAgICB3aWR0aDogMTAwJTsiID4+IGluZGV4Lmh0bWwKZWNobyAiICAgICAgICAgICAgaGVpZ2h0OiAyMHB4OyIgPj4gaW5kZXguaHRtbAplY2hvICIgICAgICAgICAgICBiYWNrZ3JvdW5kOiAjZTBlMGUwOyIgPj4gaW5kZXguaHRtbAplY2hvICIgICAgICAgICAgICBib3JkZXItcmFkaXVzOiAxMHB4OyIgPj4gaW5kZXguaHRtbAplY2hvICIgICAgICAgICAgICBvdmVyZmxvdzogaGlkZGVuOyIgPj4gaW5kZXguaHRtbAplY2hvICIgICAgICAgICAgICBwb3NpdGlvbjogcmVsYXRpdmU7IiA+PiBpbmRleC5odG1sCmVjaG8gIiAgICAgICAgfSIgPj4gaW5kZXguaHRtbAplY2hvICIgICAgICAgIC5sb2FkLWJhciBkaXYgeyIgPj4gaW5kZXguaHRtbAplY2hvICIgICAgICAgICAgICBoZWlnaHQ6IDEwMCU7IiA+PiBpbmRleC5odG1sCmVjaG8gIiAgICAgICAgICAgIGJhY2tncm91bmQ6ICM3NmM3YzA7IiA+PiBpbmRleC5odG1sCmVjaG8gIiAgICAgICAgICAgIHdpZHRoOiAwOyIgPj4gaW5kZXguaHRtbAplY2hvICIgICAgICAgICAgICB0cmFuc2l0aW9uOiB3aWR0aCAwLjVzIGVhc2U7IiA+PiBpbmRleC5odG1sCmVjaG8gIiAgICAgICAgfSIgPj4gaW5kZXguaHRtbAplY2hvICIgICAgPC9zdHlsZT4iID4+IGluZGV4Lmh0bWwKZWNobyAiPC9oZWFkPiIgPj4gaW5kZXguaHRtbAplY2hvICI8Ym9keT4iID4+IGluZGV4Lmh0bWwKZWNobyAiICAgIDxkaXYgY2xhc3M9XCJjb250YWluZXJcIj4iID4+IGluZGV4Lmh0bWwKZWNobyAiICAgICAgICA8aDE+Q1BVIExvYWQgTW9uaXRvcjwvaDE+IiA+PiBpbmRleC5odG1sCmVjaG8gIiAgICAgICAgPHA+SW5zdGFuY2UgSUQ6IDxzdHJvbmc+IiAkTUVUQV9JTlNUX0lEICI8L3N0cm9uZz48L3A+IiA+PiBpbmRleC5odG1sCmVjaG8gIiAgICAgICAgPHA+SW5zdGFuY2UgVHlwZTogPHN0cm9uZz4iICRNRVRBX0lOU1RfVFlQRSAiPC9zdHJvbmc+PC9wPiIgPj4gaW5kZXguaHRtbAplY2hvICIgICAgICAgIDxwPkF2YWlsYWJpbGl0eSBab25lOiA8c3Ryb25nPiIgJE1FVEFfSU5TVF9BWiAiPC9zdHJvbmc+PC9wPiIgPj4gaW5kZXguaHRtbAplY2hvICIgICAgICAgIDxkaXYgY2xhc3M9XCJjaGFydFwiPiIgPj4gaW5kZXguaHRtbAplY2hvICIgICAgICAgICAgICA8aDI+Q1BVIExvYWQ8L2gyPiIgPj4gaW5kZXguaHRtbAplY2hvICIgICAgICAgICAgICA8ZGl2IGNsYXNzPVwibG9hZC1iYXJcIj4iID4+IGluZGV4Lmh0bWwKZWNobyAiICAgICAgICAgICAgICAgIDxkaXYgaWQ9XCJjcHUtbG9hZFwiIHN0eWxlPVwid2lkdGg6IDAlO1wiPjwvZGl2PiIgPj4gaW5kZXguaHRtbAplY2hvICIgICAgICAgICAgICA8L2Rpdj4iID4+IGluZGV4Lmh0bWwKZWNobyAiICAgICAgICAgICAgPHAgaWQ9XCJjcHUtcGVyY2VudGFnZVwiPjAlPC9wPiIgPj4gaW5kZXguaHRtbAplY2hvICIgICAgICAgIDwvZGl2PiIgPj4gaW5kZXguaHRtbAplY2hvICIgICAgPC9kaXY+IiA+PiBpbmRleC5odG1sCmVjaG8gIiAgICA8c2NyaXB0PiIgPj4gaW5kZXguaHRtbAplY2hvICIgICAgICAgIGZ1bmN0aW9uIHNpbXVsYXRlQ1BVTG9hZCgpIHsiID4+IGluZGV4Lmh0bWwKZWNobyAiICAgICAgICAgICAgY29uc3QgbG9hZEVsZW1lbnQgPSBkb2N1bWVudC5nZXRFbGVtZW50QnlJZCgnY3B1LWxvYWQnKTsiID4+IGluZGV4Lmh0bWwKZWNobyAiICAgICAgICAgICAgY29uc3QgcGVyY2VudGFnZUVsZW1lbnQgPSBkb2N1bWVudC5nZXRFbGVtZW50QnlJZCgnY3B1LXBlcmNlbnRhZ2UnKTsiID4+IGluZGV4Lmh0bWwKZWNobyAiICAgICAgICAgICAgc2V0SW50ZXJ2YWwoKCkgPT4geyIgPj4gaW5kZXguaHRtbAplY2hvICIgICAgICAgICAgICAgICAgY29uc3QgbG9hZCA9IE1hdGguZmxvb3IoTWF0aC5yYW5kb20oKSAqIDEwMCk7IiA+PiBpbmRleC5odG1sCmVjaG8gIiAgICAgICAgICAgICAgICBsb2FkRWxlbWVudC5zdHlsZS53aWR0aCA9IGxvYWQgKyAnJSc7IiA+PiBpbmRleC5odG1sCmVjaG8gIiAgICAgICAgICAgICAgICBwZXJjZW50YWdlRWxlbWVudC50ZXh0Q29udGVudCA9IGxvYWQgKyAnJSc7IiA+PiBpbmRleC5odG1sCmVjaG8gIiAgICAgICAgICAgIH0sIDIwMDApOyIgPj4gaW5kZXguaHRtbAplY2hvICIgICAgICAgIH0iID4+IGluZGV4Lmh0bWwKZWNobyAiICAgICAgICBzaW11bGF0ZUNQVUxvYWQoKTsiID4+IGluZGV4Lmh0bWwKZWNobyAiICAgIDwvc2NyaXB0PiIgPj4gaW5kZXguaHRtbAplY2hvICI8L2JvZHk+IiA+PiBpbmRleC5odG1sCmVjaG8gIjwvaHRtbD4iID4+IGluZGV4Lmh0bWwKCiMgUmVzdGFydCBBcGFjaGUgdG8gYXBwbHkgY2hhbmdlcwpzdWRvIHN5c3RlbWN0bCByZXN0YXJ0IGh0dHBkCg==",
            "vpc_security_group_ids": [
              "sg-09bd0424d219bc7a4"
            ]
          },
          "sensitive_attributes": [],
          "identity_schema_version": 0,
          "identity": {
            "account_id": "531752696321",
            "id": "lt-0232307d12f2a3836",
            "region": "ap-south-1"
          },
          "private": "eyJzY2hlbWFfdmVyc2lvbiI6IjEifQ==",
          "dependencies": [
            "aws_security_group.alb_sg",
            "aws_security_group.ec2_sg",
            "aws_vpc.main",
            "data.aws_ami.amazon_linux"
          ]
        }
      ]
    },
    {
      "mode": "managed",
      "type": "aws_lb",
      "name": "app_alb",
      "provider": "provider[\"registry.terraform.io/hashicorp/aws\"]",
      "instances": [
        {
          "schema_version": 0,
          "attributes": {
            "access_logs": [
              {
                "bucket": "",
                "enabled": false,
                "prefix": ""
              }
            ],
            "arn": "arn:aws:elasticloadbalancing:ap-south-1:531752696321:loadbalancer/app/terraform-alb/f752d7bdc14f375e",
            "arn_suffix": "app/terraform-alb/f752d7bdc14f375e",
            "client_keep_alive": 3600,
            "connection_logs": [
              {
                "bucket": "",
                "enabled": false,
                "prefix": ""
              }
            ],
            "customer_owned_ipv4_pool": "",
            "desync_mitigation_mode": "defensive",
            "dns_name": "terraform-alb-2134614200.ap-south-1.elb.amazonaws.com",
            "dns_record_client_routing_policy": null,
            "drop_invalid_header_fields": false,
            "enable_cross_zone_load_balancing": true,
            "enable_deletion_protection": false,
            "enable_http2": true,
            "enable_tls_version_and_cipher_suite_headers": false,
            "enable_waf_fail_open": false,
            "enable_xff_client_port": false,
            "enable_zonal_shift": false,
            "enforce_security_group_inbound_rules_on_private_link_traffic": "",
            "health_check_logs": [
              {
                "bucket": "",
                "enabled": false,
                "prefix": ""
              }
            ],
            "id": "arn:aws:elasticloadbalancing:ap-south-1:531752696321:loadbalancer/app/terraform-alb/f752d7bdc14f375e",
            "idle_timeout": 60,
            "internal": false,
            "ip_address_type": "ipv4",
            "ipam_pools": [],
            "load_balancer_type": "application",
            "minimum_load_balancer_capacity": [],
            "name": "terraform-alb",
            "name_prefix": "",
            "preserve_host_header": false,
            "region": "ap-south-1",
            "secondary_ips_auto_assigned_per_subnet": null,
            "security_groups": [
              "sg-017d4f86d1e312318"
            ],
            "subnet_mapping": [
              {
                "allocation_id": "",
                "ipv6_address": "",
                "outpost_id": "",
                "private_ipv4_address": "",
                "subnet_id": "subnet-06382add9526a878b"
              },
              {
                "allocation_id": "",
                "ipv6_address": "",
                "outpost_id": "",
                "private_ipv4_address": "",
                "subnet_id": "subnet-07081f809cb50ca82"
              }
            ],
            "subnets": [
              "subnet-06382add9526a878b",
              "subnet-07081f809cb50ca82"
            ],
            "tags": {},
            "tags_all": {},
            "timeouts": null,
            "vpc_id": "vpc-0cc04c833133ae547",
            "xff_header_processing_mode": "append",
            "zone_id": "ZP97RAFLXTNZK"
          },
          "sensitive_attributes": [],
          "identity_schema_version": 0,
          "identity": {
            "arn": "arn:aws:elasticloadbalancing:ap-south-1:531752696321:loadbalancer/app/terraform-alb/f752d7bdc14f375e"
          },
          "private": "eyJlMmJmYjczMC1lY2FhLTExZTYtOGY4OC0zNDM2M2JjN2M0YzAiOnsiY3JlYXRlIjo2MDAwMDAwMDAwMDAsImRlbGV0ZSI6NjAwMDAwMDAwMDAwLCJ1cGRhdGUiOjYwMDAwMDAwMDAwMH19",
          "dependencies": [
            "aws_security_group.alb_sg",
            "aws_subnet.public_1",
            "aws_subnet.public_2",
            "aws_vpc.main"
          ]
        }
      ]
    },
    {
      "mode": "managed",
      "type": "aws_lb_listener",
      "name": "http",
      "provider": "provider[\"registry.terraform.io/hashicorp/aws\"]",
      "instances": [
        {
          "schema_version": 0,
          "attributes": {
            "alpn_policy": null,
            "arn": "arn:aws:elasticloadbalancing:ap-south-1:531752696321:listener/app/terraform-alb/f752d7bdc14f375e/8fdbd738c8733fd8",
            "certificate_arn": null,
            "default_action": [
              {
                "authenticate_cognito": [],
                "authenticate_oidc": [],
                "fixed_response": [],
                "forward": [],
                "jwt_validation": [],
                "order": 1,
                "redirect": [],
                "target_group_arn": "arn:aws:elasticloadbalancing:ap-south-1:531752696321:targetgroup/app-target-group/e405583ba3e75e9b",
                "type": "forward"
              }
            ],
            "id": "arn:aws:elasticloadbalancing:ap-south-1:531752696321:listener/app/terraform-alb/f752d7bdc14f375e/8fdbd738c8733fd8",
            "load_balancer_arn": "arn:aws:elasticloadbalancing:ap-south-1:531752696321:loadbalancer/app/terraform-alb/f752d7bdc14f375e",
            "mutual_authentication": [],
            "port": 80,
            "protocol": "HTTP",
            "region": "ap-south-1",
            "routing_http_request_x_amzn_mtls_clientcert_header_name": null,
            "routing_http_request_x_amzn_mtls_clientcert_issuer_header_name": null,
            "routing_http_request_x_amzn_mtls_clientcert_leaf_header_name": null,
            "routing_http_request_x_amzn_mtls_clientcert_serial_number_header_name": null,
            "routing_http_request_x_amzn_mtls_clientcert_subject_header_name": null,
            "routing_http_request_x_amzn_mtls_clientcert_validity_header_name": null,
            "routing_http_request_x_amzn_tls_cipher_suite_header_name": null,
            "routing_http_request_x_amzn_tls_version_header_name": null,
            "routing_http_response_access_control_allow_credentials_header_value": "",
            "routing_http_response_access_control_allow_headers_header_value": "",
            "routing_http_response_access_control_allow_methods_header_value": "",
            "routing_http_response_access_control_allow_origin_header_value": "",
            "routing_http_response_access_control_expose_headers_header_value": "",
            "routing_http_response_access_control_max_age_header_value": "",
            "routing_http_response_content_security_policy_header_value": "",
            "routing_http_response_server_enabled": true,
            "routing_http_response_strict_transport_security_header_value": "",
            "routing_http_response_x_content_type_options_header_value": "",
            "routing_http_response_x_frame_options_header_value": "",
            "ssl_policy": "",
            "tags": {},
            "tags_all": {},
            "tcp_idle_timeout_seconds": null,
            "timeouts": null
          },
          "sensitive_attributes": [],
          "identity_schema_version": 0,
          "identity": {
            "arn": "arn:aws:elasticloadbalancing:ap-south-1:531752696321:listener/app/terraform-alb/f752d7bdc14f375e/8fdbd738c8733fd8"
          },
          "private": "eyJlMmJmYjczMC1lY2FhLTExZTYtOGY4OC0zNDM2M2JjN2M0YzAiOnsiY3JlYXRlIjozMDAwMDAwMDAwMDAsInVwZGF0ZSI6MzAwMDAwMDAwMDAwfX0=",
          "dependencies": [
            "aws_lb.app_alb",
            "aws_lb_target_group.app_tg",
            "aws_security_group.alb_sg",
            "aws_subnet.public_1",
            "aws_subnet.public_2",
            "aws_vpc.main"
          ]
        }
      ]
    },
    {
      "mode": "managed",
      "type": "aws_lb_target_group",
      "name": "app_tg",
      "provider": "provider[\"registry.terraform.io/hashicorp/aws\"]",
      "instances": [
        {
          "schema_version": 0,
          "attributes": {
            "arn": "arn:aws:elasticloadbalancing:ap-south-1:531752696321:targetgroup/app-target-group/e405583ba3e75e9b",
            "arn_suffix": "targetgroup/app-target-group/e405583ba3e75e9b",
            "connection_termination": null,
            "deregistration_delay": "300",
            "health_check": [
              {
                "enabled": true,
                "healthy_threshold": 5,
                "interval": 30,
                "matcher": "200",
                "path": "/",
                "port": "traffic-port",
                "protocol": "HTTP",
                "timeout": 5,
                "unhealthy_threshold": 2
              }
            ],
            "id": "arn:aws:elasticloadbalancing:ap-south-1:531752696321:targetgroup/app-target-group/e405583ba3e75e9b",
            "ip_address_type": "ipv4",
            "lambda_multi_value_headers_enabled": false,
            "load_balancer_arns": [
              "arn:aws:elasticloadbalancing:ap-south-1:531752696321:loadbalancer/app/terraform-alb/f752d7bdc14f375e"
            ],
            "load_balancing_algorithm_type": "round_robin",
            "load_balancing_anomaly_mitigation": "off",
            "load_balancing_cross_zone_enabled": "use_load_balancer_configuration",
            "name": "app-target-group",
            "name_prefix": "",
            "port": 80,
            "preserve_client_ip": null,
            "protocol": "HTTP",
            "protocol_version": "HTTP1",
            "proxy_protocol_v2": false,
            "region": "ap-south-1",
            "slow_start": 0,
            "stickiness": [
              {
                "cookie_duration": 86400,
                "cookie_name": "",
                "enabled": false,
                "type": "lb_cookie"
              }
            ],
            "tags": {},
            "tags_all": {},
            "target_control_port": 0,
            "target_failover": [
              {
                "on_deregistration": null,
                "on_unhealthy": null
              }
            ],
            "target_group_health": [
              {
                "dns_failover": [
                  {
                    "minimum_healthy_targets_count": "1",
                    "minimum_healthy_targets_percentage": "off"
                  }
                ],
                "unhealthy_state_routing": [
                  {
                    "minimum_healthy_targets_count": 1,
                    "minimum_healthy_targets_percentage": "off"
                  }
                ]
              }
            ],
            "target_health_state": [
              {
                "enable_unhealthy_connection_termination": null,
                "unhealthy_draining_interval": null
              }
            ],
            "target_type": "instance",
            "vpc_id": "vpc-0cc04c833133ae547"
          },
          "sensitive_attributes": [],
          "identity_schema_version": 0,
          "identity": {
            "arn": "arn:aws:elasticloadbalancing:ap-south-1:531752696321:targetgroup/app-target-group/e405583ba3e75e9b"
          },
          "private": "bnVsbA==",
          "dependencies": [
            "aws_vpc.main"
          ]
        }
      ]
    },
    {
      "mode": "managed",
      "type": "aws_route_table",
      "name": "public_rt",
      "provider": "provider[\"registry.terraform.io/hashicorp/aws\"]",
      "instances": [
        {
          "schema_version": 0,
          "attributes": {
            "arn": "arn:aws:ec2:ap-south-1:531752696321:route-table/rtb-0adcc096d8d3996ae",
            "id": "rtb-0adcc096d8d3996ae",
            "owner_id": "531752696321",
            "propagating_vgws": [],
            "region": "ap-south-1",
            "route": [
              {
                "carrier_gateway_id": "",
                "cidr_block": "0.0.0.0/0",
                "core_network_arn": "",
                "destination_prefix_list_id": "",
                "egress_only_gateway_id": "",
                "gateway_id": "igw-0e904d38acee00751",
                "ipv6_cidr_block": "",
                "local_gateway_id": "",
                "nat_gateway_id": "",
                "network_interface_id": "",
                "transit_gateway_id": "",
                "vpc_endpoint_id": "",
                "vpc_peering_connection_id": ""
              }
            ],
            "tags": {},
            "tags_all": {},
            "timeouts": null,
            "vpc_id": "vpc-0cc04c833133ae547"
          },
          "sensitive_attributes": [],
          "identity_schema_version": 0,
          "identity": {
            "account_id": "531752696321",
            "id": "rtb-0adcc096d8d3996ae",
            "region": "ap-south-1"
          },
          "private": "eyJlMmJmYjczMC1lY2FhLTExZTYtOGY4OC0zNDM2M2JjN2M0YzAiOnsiY3JlYXRlIjozMDAwMDAwMDAwMDAsImRlbGV0ZSI6MzAwMDAwMDAwMDAwLCJ1cGRhdGUiOjEyMDAwMDAwMDAwMH19",
          "dependencies": [
            "aws_internet_gateway.igw",
            "aws_vpc.main"
          ]
        }
      ]
    },
    {
      "mode": "managed",
      "type": "aws_route_table_association",
      "name": "a1",
      "provider": "provider[\"registry.terraform.io/hashicorp/aws\"]",
      "instances": [
        {
          "schema_version": 0,
          "attributes": {
            "gateway_id": "",
            "id": "rtbassoc-0da82843cf782529f",
            "region": "ap-south-1",
            "route_table_id": "rtb-0adcc096d8d3996ae",
            "subnet_id": "subnet-06382add9526a878b",
            "timeouts": null
          },
          "sensitive_attributes": [],
          "identity_schema_version": 0,
          "identity": {
            "account_id": "531752696321",
            "id": "rtbassoc-0da82843cf782529f",
            "region": "ap-south-1"
          },
          "private": "eyJlMmJmYjczMC1lY2FhLTExZTYtOGY4OC0zNDM2M2JjN2M0YzAiOnsiY3JlYXRlIjozMDAwMDAwMDAwMDAsImRlbGV0ZSI6MzAwMDAwMDAwMDAwLCJ1cGRhdGUiOjEyMDAwMDAwMDAwMH19",
          "dependencies": [
            "aws_internet_gateway.igw",
            "aws_route_table.public_rt",
            "aws_subnet.public_1",
            "aws_vpc.main"
          ]
        }
      ]
    },
    {
      "mode": "managed",
      "type": "aws_route_table_association",
      "name": "a2",
      "provider": "provider[\"registry.terraform.io/hashicorp/aws\"]",
      "instances": [
        {
          "schema_version": 0,
          "attributes": {
            "gateway_id": "",
            "id": "rtbassoc-0cb7460a36544a175",
            "region": "ap-south-1",
            "route_table_id": "rtb-0adcc096d8d3996ae",
            "subnet_id": "subnet-07081f809cb50ca82",
            "timeouts": null
          },
          "sensitive_attributes": [],
          "identity_schema_version": 0,
          "identity": {
            "account_id": "531752696321",
            "id": "rtbassoc-0cb7460a36544a175",
            "region": "ap-south-1"
          },
          "private": "eyJlMmJmYjczMC1lY2FhLTExZTYtOGY4OC0zNDM2M2JjN2M0YzAiOnsiY3JlYXRlIjozMDAwMDAwMDAwMDAsImRlbGV0ZSI6MzAwMDAwMDAwMDAwLCJ1cGRhdGUiOjEyMDAwMDAwMDAwMH19",
          "dependencies": [
            "aws_internet_gateway.igw",
            "aws_route_table.public_rt",
            "aws_subnet.public_2",
            "aws_vpc.main"
          ]
        }
      ]
    },
    {
      "mode": "managed",
      "type": "aws_security_group",
      "name": "alb_sg",
      "provider": "provider[\"registry.terraform.io/hashicorp/aws\"]",
      "instances": [
        {
          "schema_version": 1,
          "attributes": {
            "arn": "arn:aws:ec2:ap-south-1:531752696321:security-group/sg-017d4f86d1e312318",
            "description": "Managed by Terraform",
            "egress": [
              {
                "cidr_blocks": [
                  "0.0.0.0/0"
                ],
                "description": "",
                "from_port": 0,
                "ipv6_cidr_blocks": [],
                "prefix_list_ids": [],
                "protocol": "-1",
                "security_groups": [],
                "self": false,
                "to_port": 0
              }
            ],
            "id": "sg-017d4f86d1e312318",
            "ingress": [
              {
                "cidr_blocks": [
                  "0.0.0.0/0"
                ],
                "description": "",
                "from_port": 80,
                "ipv6_cidr_blocks": [],
                "prefix_list_ids": [],
                "protocol": "tcp",
                "security_groups": [],
                "self": false,
                "to_port": 80
              }
            ],
            "name": "alb-sg",
            "name_prefix": "",
            "owner_id": "531752696321",
            "region": "ap-south-1",
            "revoke_rules_on_delete": false,
            "tags": {},
            "tags_all": {},
            "timeouts": null,
            "vpc_id": "vpc-0cc04c833133ae547"
          },
          "sensitive_attributes": [],
          "identity_schema_version": 0,
          "identity": {
            "account_id": "531752696321",
            "id": "sg-017d4f86d1e312318",
            "region": "ap-south-1"
          },
          "private": "eyJlMmJmYjczMC1lY2FhLTExZTYtOGY4OC0zNDM2M2JjN2M0YzAiOnsiY3JlYXRlIjo2MDAwMDAwMDAwMDAsImRlbGV0ZSI6OTAwMDAwMDAwMDAwfSwic2NoZW1hX3ZlcnNpb24iOiIxIn0=",
          "dependencies": [
            "aws_vpc.main"
          ]
        }
      ]
    },
    {
      "mode": "managed",
      "type": "aws_security_group",
      "name": "ec2_sg",
      "provider": "provider[\"registry.terraform.io/hashicorp/aws\"]",
      "instances": [
        {
          "schema_version": 1,
          "attributes": {
            "arn": "arn:aws:ec2:ap-south-1:531752696321:security-group/sg-09bd0424d219bc7a4",
            "description": "Managed by Terraform",
            "egress": [
              {
                "cidr_blocks": [
                  "0.0.0.0/0"
                ],
                "description": "",
                "from_port": 0,
                "ipv6_cidr_blocks": [],
                "prefix_list_ids": [],
                "protocol": "-1",
                "security_groups": [],
                "self": false,
                "to_port": 0
              }
            ],
            "id": "sg-09bd0424d219bc7a4",
            "ingress": [
              {
                "cidr_blocks": [
                  "0.0.0.0/0"
                ],
                "description": "",
                "from_port": 22,
                "ipv6_cidr_blocks": [],
                "prefix_list_ids": [],
                "protocol": "tcp",
                "security_groups": [],
                "self": false,
                "to_port": 22
              },
              {
                "cidr_blocks": [],
                "description": "",
                "from_port": 80,
                "ipv6_cidr_blocks": [],
                "prefix_list_ids": [],
                "protocol": "tcp",
                "security_groups": [
                  "sg-017d4f86d1e312318"
                ],
                "self": false,
                "to_port": 80
              }
            ],
            "name": "ec2-sg",
            "name_prefix": "",
            "owner_id": "531752696321",
            "region": "ap-south-1",
            "revoke_rules_on_delete": false,
            "tags": {},
            "tags_all": {},
            "timeouts": null,
            "vpc_id": "vpc-0cc04c833133ae547"
          },
          "sensitive_attributes": [],
          "identity_schema_version": 0,
          "identity": {
            "account_id": "531752696321",
            "id": "sg-09bd0424d219bc7a4",
            "region": "ap-south-1"
          },
          "private": "eyJlMmJmYjczMC1lY2FhLTExZTYtOGY4OC0zNDM2M2JjN2M0YzAiOnsiY3JlYXRlIjo2MDAwMDAwMDAwMDAsImRlbGV0ZSI6OTAwMDAwMDAwMDAwfSwic2NoZW1hX3ZlcnNpb24iOiIxIn0=",
          "dependencies": [
            "aws_security_group.alb_sg",
            "aws_vpc.main"
          ]
        }
      ]
    },
    {
      "mode": "managed",
      "type": "aws_subnet",
      "name": "public_1",
      "provider": "provider[\"registry.terraform.io/hashicorp/aws\"]",
      "instances": [
        {
          "schema_version": 1,
          "attributes": {
            "arn": "arn:aws:ec2:ap-south-1:531752696321:subnet/subnet-06382add9526a878b",
            "assign_ipv6_address_on_creation": false,
            "availability_zone": "ap-south-1a",
            "availability_zone_id": "aps1-az1",
            "cidr_block": "10.0.1.0/24",
            "customer_owned_ipv4_pool": "",
            "enable_dns64": false,
            "enable_lni_at_device_index": 0,
            "enable_resource_name_dns_a_record_on_launch": false,
            "enable_resource_name_dns_aaaa_record_on_launch": false,
            "id": "subnet-06382add9526a878b",
            "ipv4_ipam_pool_id": null,
            "ipv4_netmask_length": null,
            "ipv6_cidr_block": "",
            "ipv6_cidr_block_association_id": "",
            "ipv6_ipam_pool_id": null,
            "ipv6_native": false,
            "ipv6_netmask_length": null,
            "map_customer_owned_ip_on_launch": false,
            "map_public_ip_on_launch": true,
            "outpost_arn": "",
            "owner_id": "531752696321",
            "private_dns_hostname_type_on_launch": "ip-name",
            "region": "ap-south-1",
            "tags": {
              "Name": "public-subnet-1"
            },
            "tags_all": {
              "Name": "public-subnet-1"
            },
            "timeouts": null,
            "vpc_id": "vpc-0cc04c833133ae547"
          },
          "sensitive_attributes": [],
          "identity_schema_version": 0,
          "identity": {
            "account_id": "531752696321",
            "id": "subnet-06382add9526a878b",
            "region": "ap-south-1"
          },
          "private": "eyJlMmJmYjczMC1lY2FhLTExZTYtOGY4OC0zNDM2M2JjN2M0YzAiOnsiY3JlYXRlIjo2MDAwMDAwMDAwMDAsImRlbGV0ZSI6MTIwMDAwMDAwMDAwMH0sInNjaGVtYV92ZXJzaW9uIjoiMSJ9",
          "dependencies": [
            "aws_vpc.main"
          ]
        }
      ]
    },
    {
      "mode": "managed",
      "type": "aws_subnet",
      "name": "public_2",
      "provider": "provider[\"registry.terraform.io/hashicorp/aws\"]",
      "instances": [
        {
          "schema_version": 1,
          "attributes": {
            "arn": "arn:aws:ec2:ap-south-1:531752696321:subnet/subnet-07081f809cb50ca82",
            "assign_ipv6_address_on_creation": false,
            "availability_zone": "ap-south-1b",
            "availability_zone_id": "aps1-az3",
            "cidr_block": "10.0.2.0/24",
            "customer_owned_ipv4_pool": "",
            "enable_dns64": false,
            "enable_lni_at_device_index": 0,
            "enable_resource_name_dns_a_record_on_launch": false,
            "enable_resource_name_dns_aaaa_record_on_launch": false,
            "id": "subnet-07081f809cb50ca82",
            "ipv4_ipam_pool_id": null,
            "ipv4_netmask_length": null,
            "ipv6_cidr_block": "",
            "ipv6_cidr_block_association_id": "",
            "ipv6_ipam_pool_id": null,
            "ipv6_native": false,
            "ipv6_netmask_length": null,
            "map_customer_owned_ip_on_launch": false,
            "map_public_ip_on_launch": true,
            "outpost_arn": "",
            "owner_id": "531752696321",
            "private_dns_hostname_type_on_launch": "ip-name",
            "region": "ap-south-1",
            "tags": {
              "Name": "public-subnet-2"
            },
            "tags_all": {
              "Name": "public-subnet-2"
            },
            "timeouts": null,
            "vpc_id": "vpc-0cc04c833133ae547"
          },
          "sensitive_attributes": [],
          "identity_schema_version": 0,
          "identity": {
            "account_id": "531752696321",
            "id": "subnet-07081f809cb50ca82",
            "region": "ap-south-1"
          },
          "private": "eyJlMmJmYjczMC1lY2FhLTExZTYtOGY4OC0zNDM2M2JjN2M0YzAiOnsiY3JlYXRlIjo2MDAwMDAwMDAwMDAsImRlbGV0ZSI6MTIwMDAwMDAwMDAwMH0sInNjaGVtYV92ZXJzaW9uIjoiMSJ9",
          "dependencies": [
            "aws_vpc.main"
          ]
        }
      ]
    },
    {
      "mode": "managed",
      "type": "aws_vpc",
      "name": "main",
      "provider": "provider[\"registry.terraform.io/hashicorp/aws\"]",
      "instances": [
        {
          "schema_version": 1,
          "attributes": {
            "arn": "arn:aws:ec2:ap-south-1:531752696321:vpc/vpc-0cc04c833133ae547",
            "assign_generated_ipv6_cidr_block": false,
            "cidr_block": "10.0.0.0/16",
            "default_network_acl_id": "acl-01c8e6f3571b4e9b4",
            "default_route_table_id": "rtb-0bf0ac502c83ea803",
            "default_security_group_id": "sg-0c0e5c01ae1f1965d",
            "dhcp_options_id": "dopt-03f29eba5a3bdcc72",
            "enable_dns_hostnames": false,
            "enable_dns_support": true,
            "enable_network_address_usage_metrics": false,
            "id": "vpc-0cc04c833133ae547",
            "instance_tenancy": "default",
            "ipv4_ipam_pool_id": null,
            "ipv4_netmask_length": null,
            "ipv6_association_id": "",
            "ipv6_cidr_block": "",
            "ipv6_cidr_block_network_border_group": "",
            "ipv6_ipam_pool_id": "",
            "ipv6_netmask_length": 0,
            "main_route_table_id": "rtb-0bf0ac502c83ea803",
            "owner_id": "531752696321",
            "region": "ap-south-1",
            "tags": {
              "Name": "terraform-vpc"
            },
            "tags_all": {
              "Name": "terraform-vpc"
            }
          },
          "sensitive_attributes": [],
          "identity_schema_version": 0,
          "identity": {
            "account_id": "531752696321",
            "id": "vpc-0cc04c833133ae547",
            "region": "ap-south-1"
          },
          "private": "eyJzY2hlbWFfdmVyc2lvbiI6IjEifQ=="
        }
      ]
    }
  ],
  "check_results": null
}
